// !$*UTF8*$!
{
	archiveVersion = 1;
	classes = {
	};
	objectVersion = 46;
	objects = {

/* Begin PBXBuildFile section */
		8A82004F16F3886400259378 /* OpenAPI.m in Sources */ = {isa = PBXBuildFile; fileRef = 8A82004D16F3886400259378 /* OpenAPI.m */; };
		8A82005216F3888700259378 /* jsontest.json in Resources */ = {isa = PBXBuildFile; fileRef = 8A82005116F3888700259378 /* jsontest.json */; };
		8A82005316F3888C00259378 /* OpenAPITest.m in Sources */ = {isa = PBXBuildFile; fileRef = 8A82004E16F3886400259378 /* OpenAPITest.m */; };
		8A82005516F388AA00259378 /* OCHamcrestIOS.framework in Frameworks */ = {isa = PBXBuildFile; fileRef = 8A82005416F388AA00259378 /* OCHamcrestIOS.framework */; };
		8A82005716F388B500259378 /* OCMockitoIOS.framework in Frameworks */ = {isa = PBXBuildFile; fileRef = 8A82005616F388B500259378 /* OCMockitoIOS.framework */; };
		8A82005F16F3932A00259378 /* connected.png in Resources */ = {isa = PBXBuildFile; fileRef = 8A82005A16F3932A00259378 /* connected.png */; };
		8A82006016F3932A00259378 /* connected@2x.png in Resources */ = {isa = PBXBuildFile; fileRef = 8A82005B16F3932A00259378 /* connected@2x.png */; };
		8A82006116F3932A00259378 /* disconnected.png in Resources */ = {isa = PBXBuildFile; fileRef = 8A82005C16F3932A00259378 /* disconnected.png */; };
		8A82006216F3932A00259378 /* disconnected@2x.png in Resources */ = {isa = PBXBuildFile; fileRef = 8A82005D16F3932A00259378 /* disconnected@2x.png */; };
		8A82006716F394C300259378 /* MainViewController.m in Sources */ = {isa = PBXBuildFile; fileRef = 8A82006516F394C300259378 /* MainViewController.m */; };
		8A82006816F394C300259378 /* MainViewController.xib in Resources */ = {isa = PBXBuildFile; fileRef = 8A82006616F394C300259378 /* MainViewController.xib */; };
		8A82006A16F396A800259378 /* MainViewControllerTests.m in Sources */ = {isa = PBXBuildFile; fileRef = 8A82006916F396A800259378 /* MainViewControllerTests.m */; };
		8AD57D9B16F720B100D5AD34 /* UOCData.m in Sources */ = {isa = PBXBuildFile; fileRef = 8AD57D9A16F720B100D5AD34 /* UOCData.m */; };
		8AD57D9D16F7216E00D5AD34 /* UOCDataTests.m in Sources */ = {isa = PBXBuildFile; fileRef = 8AD57D9C16F7216E00D5AD34 /* UOCDataTests.m */; };
		8AD57D9F16F721D300D5AD34 /* CoreData.framework in Frameworks */ = {isa = PBXBuildFile; fileRef = 8AD57D9E16F721D300D5AD34 /* CoreData.framework */; };
		8AD57DA016F727E200D5AD34 /* CoreData.framework in Frameworks */ = {isa = PBXBuildFile; fileRef = 8AD57D9E16F721D300D5AD34 /* CoreData.framework */; };
		8AD57DA316F728A500D5AD34 /* iUOC.xcdatamodeld in Sources */ = {isa = PBXBuildFile; fileRef = 8AD57DA116F728A500D5AD34 /* iUOC.xcdatamodeld */; };
		8ADB4BC816F37FCF0057BCCE /* UIKit.framework in Frameworks */ = {isa = PBXBuildFile; fileRef = 8ADB4BC716F37FCF0057BCCE /* UIKit.framework */; };
		8ADB4BCA16F37FCF0057BCCE /* Foundation.framework in Frameworks */ = {isa = PBXBuildFile; fileRef = 8ADB4BC916F37FCF0057BCCE /* Foundation.framework */; };
		8ADB4BCC16F37FCF0057BCCE /* CoreGraphics.framework in Frameworks */ = {isa = PBXBuildFile; fileRef = 8ADB4BCB16F37FCF0057BCCE /* CoreGraphics.framework */; };
		8ADB4BD216F37FCF0057BCCE /* InfoPlist.strings in Resources */ = {isa = PBXBuildFile; fileRef = 8ADB4BD016F37FCF0057BCCE /* InfoPlist.strings */; };
		8ADB4BD416F37FCF0057BCCE /* main.m in Sources */ = {isa = PBXBuildFile; fileRef = 8ADB4BD316F37FCF0057BCCE /* main.m */; };
		8ADB4BD816F37FCF0057BCCE /* AppDelegate.m in Sources */ = {isa = PBXBuildFile; fileRef = 8ADB4BD716F37FCF0057BCCE /* AppDelegate.m */; };
		8ADB4BDA16F37FCF0057BCCE /* Default.png in Resources */ = {isa = PBXBuildFile; fileRef = 8ADB4BD916F37FCF0057BCCE /* Default.png */; };
		8ADB4BDC16F37FCF0057BCCE /* Default@2x.png in Resources */ = {isa = PBXBuildFile; fileRef = 8ADB4BDB16F37FCF0057BCCE /* Default@2x.png */; };
		8ADB4BDE16F37FCF0057BCCE /* Default-568h@2x.png in Resources */ = {isa = PBXBuildFile; fileRef = 8ADB4BDD16F37FCF0057BCCE /* Default-568h@2x.png */; };
		8ADB4BE616F37FCF0057BCCE /* SenTestingKit.framework in Frameworks */ = {isa = PBXBuildFile; fileRef = 8ADB4BE516F37FCF0057BCCE /* SenTestingKit.framework */; };
		8ADB4BE716F37FCF0057BCCE /* UIKit.framework in Frameworks */ = {isa = PBXBuildFile; fileRef = 8ADB4BC716F37FCF0057BCCE /* UIKit.framework */; };
		8ADB4BE816F37FCF0057BCCE /* Foundation.framework in Frameworks */ = {isa = PBXBuildFile; fileRef = 8ADB4BC916F37FCF0057BCCE /* Foundation.framework */; };
		8ADB4BF016F37FCF0057BCCE /* InfoPlist.strings in Resources */ = {isa = PBXBuildFile; fileRef = 8ADB4BEE16F37FCF0057BCCE /* InfoPlist.strings */; };
/* End PBXBuildFile section */

/* Begin PBXContainerItemProxy section */
		8ADB4BE916F37FCF0057BCCE /* PBXContainerItemProxy */ = {
			isa = PBXContainerItemProxy;
			containerPortal = 8ADB4BBC16F37FCF0057BCCE /* Project object */;
			proxyType = 1;
			remoteGlobalIDString = 8ADB4BC316F37FCF0057BCCE;
			remoteInfo = iUOC;
		};
/* End PBXContainerItemProxy section */

/* Begin PBXFileReference section */
		8A82004C16F3886400259378 /* OpenAPI.h */ = {isa = PBXFileReference; fileEncoding = 4; lastKnownFileType = sourcecode.c.h; path = OpenAPI.h; sourceTree = "<group>"; };
		8A82004D16F3886400259378 /* OpenAPI.m */ = {isa = PBXFileReference; fileEncoding = 4; lastKnownFileType = sourcecode.c.objc; path = OpenAPI.m; sourceTree = "<group>"; };
		8A82004E16F3886400259378 /* OpenAPITest.m */ = {isa = PBXFileReference; fileEncoding = 4; lastKnownFileType = sourcecode.c.objc; path = OpenAPITest.m; sourceTree = "<group>"; };
		8A82005116F3888700259378 /* jsontest.json */ = {isa = PBXFileReference; fileEncoding = 4; lastKnownFileType = text.json; path = jsontest.json; sourceTree = "<group>"; };
		8A82005416F388AA00259378 /* OCHamcrestIOS.framework */ = {isa = PBXFileReference; lastKnownFileType = wrapper.framework; path = OCHamcrestIOS.framework; sourceTree = "<group>"; };
		8A82005616F388B500259378 /* OCMockitoIOS.framework */ = {isa = PBXFileReference; lastKnownFileType = wrapper.framework; path = OCMockitoIOS.framework; sourceTree = "<group>"; };
		8A82005A16F3932A00259378 /* connected.png */ = {isa = PBXFileReference; lastKnownFileType = image.png; path = connected.png; sourceTree = "<group>"; };
		8A82005B16F3932A00259378 /* connected@2x.png */ = {isa = PBXFileReference; lastKnownFileType = image.png; path = "connected@2x.png"; sourceTree = "<group>"; };
		8A82005C16F3932A00259378 /* disconnected.png */ = {isa = PBXFileReference; lastKnownFileType = image.png; path = disconnected.png; sourceTree = "<group>"; };
		8A82005D16F3932A00259378 /* disconnected@2x.png */ = {isa = PBXFileReference; lastKnownFileType = image.png; path = "disconnected@2x.png"; sourceTree = "<group>"; };
		8A82006416F394C300259378 /* MainViewController.h */ = {isa = PBXFileReference; fileEncoding = 4; lastKnownFileType = sourcecode.c.h; path = MainViewController.h; sourceTree = "<group>"; };
		8A82006516F394C300259378 /* MainViewController.m */ = {isa = PBXFileReference; fileEncoding = 4; lastKnownFileType = sourcecode.c.objc; path = MainViewController.m; sourceTree = "<group>"; };
		8A82006616F394C300259378 /* MainViewController.xib */ = {isa = PBXFileReference; fileEncoding = 4; lastKnownFileType = file.xib; path = MainViewController.xib; sourceTree = "<group>"; };
		8A82006916F396A800259378 /* MainViewControllerTests.m */ = {isa = PBXFileReference; fileEncoding = 4; lastKnownFileType = sourcecode.c.objc; path = MainViewControllerTests.m; sourceTree = "<group>"; };
		8AD57D9916F720B100D5AD34 /* UOCData.h */ = {isa = PBXFileReference; fileEncoding = 4; lastKnownFileType = sourcecode.c.h; path = UOCData.h; sourceTree = "<group>"; };
		8AD57D9A16F720B100D5AD34 /* UOCData.m */ = {isa = PBXFileReference; fileEncoding = 4; lastKnownFileType = sourcecode.c.objc; path = UOCData.m; sourceTree = "<group>"; };
		8AD57D9C16F7216E00D5AD34 /* UOCDataTests.m */ = {isa = PBXFileReference; fileEncoding = 4; lastKnownFileType = sourcecode.c.objc; path = UOCDataTests.m; sourceTree = "<group>"; };
		8AD57D9E16F721D300D5AD34 /* CoreData.framework */ = {isa = PBXFileReference; lastKnownFileType = wrapper.framework; name = CoreData.framework; path = System/Library/Frameworks/CoreData.framework; sourceTree = SDKROOT; };
		8AD57DA216F728A500D5AD34 /* iUOC.xcdatamodel */ = {isa = PBXFileReference; lastKnownFileType = wrapper.xcdatamodel; path = iUOC.xcdatamodel; sourceTree = "<group>"; };
		8ADB4BC416F37FCF0057BCCE /* iUOC.app */ = {isa = PBXFileReference; explicitFileType = wrapper.application; includeInIndex = 0; path = iUOC.app; sourceTree = BUILT_PRODUCTS_DIR; };
		8ADB4BC716F37FCF0057BCCE /* UIKit.framework */ = {isa = PBXFileReference; lastKnownFileType = wrapper.framework; name = UIKit.framework; path = System/Library/Frameworks/UIKit.framework; sourceTree = SDKROOT; };
		8ADB4BC916F37FCF0057BCCE /* Foundation.framework */ = {isa = PBXFileReference; lastKnownFileType = wrapper.framework; name = Foundation.framework; path = System/Library/Frameworks/Foundation.framework; sourceTree = SDKROOT; };
		8ADB4BCB16F37FCF0057BCCE /* CoreGraphics.framework */ = {isa = PBXFileReference; lastKnownFileType = wrapper.framework; name = CoreGraphics.framework; path = System/Library/Frameworks/CoreGraphics.framework; sourceTree = SDKROOT; };
		8ADB4BCF16F37FCF0057BCCE /* iUOC-Info.plist */ = {isa = PBXFileReference; lastKnownFileType = text.plist.xml; path = "iUOC-Info.plist"; sourceTree = "<group>"; };
		8ADB4BD116F37FCF0057BCCE /* en */ = {isa = PBXFileReference; lastKnownFileType = text.plist.strings; name = en; path = en.lproj/InfoPlist.strings; sourceTree = "<group>"; };
		8ADB4BD316F37FCF0057BCCE /* main.m */ = {isa = PBXFileReference; lastKnownFileType = sourcecode.c.objc; path = main.m; sourceTree = "<group>"; };
		8ADB4BD516F37FCF0057BCCE /* iUOC-Prefix.pch */ = {isa = PBXFileReference; lastKnownFileType = sourcecode.c.h; path = "iUOC-Prefix.pch"; sourceTree = "<group>"; };
		8ADB4BD616F37FCF0057BCCE /* AppDelegate.h */ = {isa = PBXFileReference; lastKnownFileType = sourcecode.c.h; path = AppDelegate.h; sourceTree = "<group>"; };
		8ADB4BD716F37FCF0057BCCE /* AppDelegate.m */ = {isa = PBXFileReference; lastKnownFileType = sourcecode.c.objc; path = AppDelegate.m; sourceTree = "<group>"; };
		8ADB4BD916F37FCF0057BCCE /* Default.png */ = {isa = PBXFileReference; lastKnownFileType = image.png; path = Default.png; sourceTree = "<group>"; };
		8ADB4BDB16F37FCF0057BCCE /* Default@2x.png */ = {isa = PBXFileReference; lastKnownFileType = image.png; path = "Default@2x.png"; sourceTree = "<group>"; };
		8ADB4BDD16F37FCF0057BCCE /* Default-568h@2x.png */ = {isa = PBXFileReference; lastKnownFileType = image.png; path = "Default-568h@2x.png"; sourceTree = "<group>"; };
		8ADB4BE416F37FCF0057BCCE /* iUOCTests.octest */ = {isa = PBXFileReference; explicitFileType = wrapper.cfbundle; includeInIndex = 0; path = iUOCTests.octest; sourceTree = BUILT_PRODUCTS_DIR; };
		8ADB4BE516F37FCF0057BCCE /* SenTestingKit.framework */ = {isa = PBXFileReference; lastKnownFileType = wrapper.framework; name = SenTestingKit.framework; path = Library/Frameworks/SenTestingKit.framework; sourceTree = DEVELOPER_DIR; };
		8ADB4BED16F37FCF0057BCCE /* iUOCTests-Info.plist */ = {isa = PBXFileReference; lastKnownFileType = text.plist.xml; path = "iUOCTests-Info.plist"; sourceTree = "<group>"; };
		8ADB4BEF16F37FCF0057BCCE /* en */ = {isa = PBXFileReference; lastKnownFileType = text.plist.strings; name = en; path = en.lproj/InfoPlist.strings; sourceTree = "<group>"; };
/* End PBXFileReference section */

/* Begin PBXFrameworksBuildPhase section */
		8ADB4BC116F37FCF0057BCCE /* Frameworks */ = {
			isa = PBXFrameworksBuildPhase;
			buildActionMask = 2147483647;
			files = (
				8AD57D9F16F721D300D5AD34 /* CoreData.framework in Frameworks */,
				8ADB4BC816F37FCF0057BCCE /* UIKit.framework in Frameworks */,
				8ADB4BCA16F37FCF0057BCCE /* Foundation.framework in Frameworks */,
				8ADB4BCC16F37FCF0057BCCE /* CoreGraphics.framework in Frameworks */,
			);
			runOnlyForDeploymentPostprocessing = 0;
		};
		8ADB4BE016F37FCF0057BCCE /* Frameworks */ = {
			isa = PBXFrameworksBuildPhase;
			buildActionMask = 2147483647;
			files = (
				8AD57DA016F727E200D5AD34 /* CoreData.framework in Frameworks */,
				8ADB4BE616F37FCF0057BCCE /* SenTestingKit.framework in Frameworks */,
				8ADB4BE716F37FCF0057BCCE /* UIKit.framework in Frameworks */,
				8ADB4BE816F37FCF0057BCCE /* Foundation.framework in Frameworks */,
				8A82005516F388AA00259378 /* OCHamcrestIOS.framework in Frameworks */,
				8A82005716F388B500259378 /* OCMockitoIOS.framework in Frameworks */,
			);
			runOnlyForDeploymentPostprocessing = 0;
		};
/* End PBXFrameworksBuildPhase section */

/* Begin PBXGroup section */
		8A82004B16F3886400259378 /* OpenAPI */ = {
			isa = PBXGroup;
			children = (
				8A82005116F3888700259378 /* jsontest.json */,
				8A82004C16F3886400259378 /* OpenAPI.h */,
				8A82004D16F3886400259378 /* OpenAPI.m */,
				8A82004E16F3886400259378 /* OpenAPITest.m */,
			);
			path = OpenAPI;
			sourceTree = "<group>";
		};
		8A82005816F3932A00259378 /* images */ = {
			isa = PBXGroup;
			children = (
				8A82005A16F3932A00259378 /* connected.png */,
				8A82005B16F3932A00259378 /* connected@2x.png */,
				8A82005C16F3932A00259378 /* disconnected.png */,
				8A82005D16F3932A00259378 /* disconnected@2x.png */,
			);
			name = images;
			path = iUOC/images;
			sourceTree = "<group>";
		};
		8A82006316F3946900259378 /* View Controllers */ = {
			isa = PBXGroup;
			children = (
				8A82006416F394C300259378 /* MainViewController.h */,
				8A82006516F394C300259378 /* MainViewController.m */,
				8A82006616F394C300259378 /* MainViewController.xib */,
			);
			path = "View Controllers";
			sourceTree = "<group>";
		};
		8AD57D9816F7207A00D5AD34 /* Data */ = {
			isa = PBXGroup;
			children = (
				8AD57D9916F720B100D5AD34 /* UOCData.h */,
				8AD57D9A16F720B100D5AD34 /* UOCData.m */,
				8AD57D9C16F7216E00D5AD34 /* UOCDataTests.m */,
				8AD57DA116F728A500D5AD34 /* iUOC.xcdatamodeld */,
			);
			path = Data;
			sourceTree = "<group>";
		};
		8ADB4BBB16F37FCF0057BCCE = {
			isa = PBXGroup;
			children = (
				8AD57D9816F7207A00D5AD34 /* Data */,
				8A82006316F3946900259378 /* View Controllers */,
				8A82005816F3932A00259378 /* images */,
				8A82004B16F3886400259378 /* OpenAPI */,
				8ADB4BCD16F37FCF0057BCCE /* iUOC */,
				8ADB4BEB16F37FCF0057BCCE /* iUOCTests */,
				8ADB4BC616F37FCF0057BCCE /* Frameworks */,
				8ADB4BC516F37FCF0057BCCE /* Products */,
			);
			sourceTree = "<group>";
		};
		8ADB4BC516F37FCF0057BCCE /* Products */ = {
			isa = PBXGroup;
			children = (
				8ADB4BC416F37FCF0057BCCE /* iUOC.app */,
				8ADB4BE416F37FCF0057BCCE /* iUOCTests.octest */,
			);
			name = Products;
			sourceTree = "<group>";
		};
		8ADB4BC616F37FCF0057BCCE /* Frameworks */ = {
			isa = PBXGroup;
			children = (
				8AD57D9E16F721D300D5AD34 /* CoreData.framework */,
				8A82005616F388B500259378 /* OCMockitoIOS.framework */,
				8A82005416F388AA00259378 /* OCHamcrestIOS.framework */,
				8ADB4BC716F37FCF0057BCCE /* UIKit.framework */,
				8ADB4BC916F37FCF0057BCCE /* Foundation.framework */,
				8ADB4BCB16F37FCF0057BCCE /* CoreGraphics.framework */,
				8ADB4BE516F37FCF0057BCCE /* SenTestingKit.framework */,
			);
			name = Frameworks;
			sourceTree = "<group>";
		};
		8ADB4BCD16F37FCF0057BCCE /* iUOC */ = {
			isa = PBXGroup;
			children = (
				8ADB4BD616F37FCF0057BCCE /* AppDelegate.h */,
				8ADB4BD716F37FCF0057BCCE /* AppDelegate.m */,
				8ADB4BCE16F37FCF0057BCCE /* Supporting Files */,
			);
			path = iUOC;
			sourceTree = "<group>";
		};
		8ADB4BCE16F37FCF0057BCCE /* Supporting Files */ = {
			isa = PBXGroup;
			children = (
				8ADB4BCF16F37FCF0057BCCE /* iUOC-Info.plist */,
				8ADB4BD016F37FCF0057BCCE /* InfoPlist.strings */,
				8ADB4BD316F37FCF0057BCCE /* main.m */,
				8ADB4BD516F37FCF0057BCCE /* iUOC-Prefix.pch */,
				8ADB4BD916F37FCF0057BCCE /* Default.png */,
				8ADB4BDB16F37FCF0057BCCE /* Default@2x.png */,
				8ADB4BDD16F37FCF0057BCCE /* Default-568h@2x.png */,
			);
			name = "Supporting Files";
			sourceTree = "<group>";
		};
		8ADB4BEB16F37FCF0057BCCE /* iUOCTests */ = {
			isa = PBXGroup;
			children = (
				8A82006916F396A800259378 /* MainViewControllerTests.m */,
				8ADB4BEC16F37FCF0057BCCE /* Supporting Files */,
			);
			path = iUOCTests;
			sourceTree = "<group>";
		};
		8ADB4BEC16F37FCF0057BCCE /* Supporting Files */ = {
			isa = PBXGroup;
			children = (
				8ADB4BED16F37FCF0057BCCE /* iUOCTests-Info.plist */,
				8ADB4BEE16F37FCF0057BCCE /* InfoPlist.strings */,
			);
			name = "Supporting Files";
			sourceTree = "<group>";
		};
/* End PBXGroup section */

/* Begin PBXNativeTarget section */
		8ADB4BC316F37FCF0057BCCE /* iUOC */ = {
			isa = PBXNativeTarget;
			buildConfigurationList = 8ADB4BF616F37FCF0057BCCE /* Build configuration list for PBXNativeTarget "iUOC" */;
			buildPhases = (
				8ADB4BC016F37FCF0057BCCE /* Sources */,
				8ADB4BC116F37FCF0057BCCE /* Frameworks */,
				8ADB4BC216F37FCF0057BCCE /* Resources */,
			);
			buildRules = (
			);
			dependencies = (
			);
			name = iUOC;
			productName = iUOC;
			productReference = 8ADB4BC416F37FCF0057BCCE /* iUOC.app */;
			productType = "com.apple.product-type.application";
		};
		8ADB4BE316F37FCF0057BCCE /* iUOCTests */ = {
			isa = PBXNativeTarget;
			buildConfigurationList = 8ADB4BF916F37FCF0057BCCE /* Build configuration list for PBXNativeTarget "iUOCTests" */;
			buildPhases = (
				8ADB4BDF16F37FCF0057BCCE /* Sources */,
				8ADB4BE016F37FCF0057BCCE /* Frameworks */,
				8ADB4BE116F37FCF0057BCCE /* Resources */,
				8ADB4BE216F37FCF0057BCCE /* ShellScript */,
			);
			buildRules = (
			);
			dependencies = (
				8ADB4BEA16F37FCF0057BCCE /* PBXTargetDependency */,
			);
			name = iUOCTests;
			productName = iUOCTests;
			productReference = 8ADB4BE416F37FCF0057BCCE /* iUOCTests.octest */;
			productType = "com.apple.product-type.bundle";
		};
/* End PBXNativeTarget section */

/* Begin PBXProject section */
		8ADB4BBC16F37FCF0057BCCE /* Project object */ = {
			isa = PBXProject;
			attributes = {
				LastUpgradeCheck = 0460;
				ORGANIZATIONNAME = "Guillem Fernández González";
			};
			buildConfigurationList = 8ADB4BBF16F37FCF0057BCCE /* Build configuration list for PBXProject "iUOC" */;
			compatibilityVersion = "Xcode 3.2";
			developmentRegion = English;
			hasScannedForEncodings = 0;
			knownRegions = (
				en,
			);
			mainGroup = 8ADB4BBB16F37FCF0057BCCE;
			productRefGroup = 8ADB4BC516F37FCF0057BCCE /* Products */;
			projectDirPath = "";
			projectRoot = "";
			targets = (
				8ADB4BC316F37FCF0057BCCE /* iUOC */,
				8ADB4BE316F37FCF0057BCCE /* iUOCTests */,
			);
		};
/* End PBXProject section */

/* Begin PBXResourcesBuildPhase section */
		8ADB4BC216F37FCF0057BCCE /* Resources */ = {
			isa = PBXResourcesBuildPhase;
			buildActionMask = 2147483647;
			files = (
				8ADB4BD216F37FCF0057BCCE /* InfoPlist.strings in Resources */,
				8ADB4BDA16F37FCF0057BCCE /* Default.png in Resources */,
				8ADB4BDC16F37FCF0057BCCE /* Default@2x.png in Resources */,
				8ADB4BDE16F37FCF0057BCCE /* Default-568h@2x.png in Resources */,
				8A82005F16F3932A00259378 /* connected.png in Resources */,
				8A82006016F3932A00259378 /* connected@2x.png in Resources */,
				8A82006116F3932A00259378 /* disconnected.png in Resources */,
				8A82006216F3932A00259378 /* disconnected@2x.png in Resources */,
				8A82006816F394C300259378 /* MainViewController.xib in Resources */,
			);
			runOnlyForDeploymentPostprocessing = 0;
		};
		8ADB4BE116F37FCF0057BCCE /* Resources */ = {
			isa = PBXResourcesBuildPhase;
			buildActionMask = 2147483647;
			files = (
				8ADB4BF016F37FCF0057BCCE /* InfoPlist.strings in Resources */,
				8A82005216F3888700259378 /* jsontest.json in Resources */,
			);
			runOnlyForDeploymentPostprocessing = 0;
		};
/* End PBXResourcesBuildPhase section */

/* Begin PBXShellScriptBuildPhase section */
		8ADB4BE216F37FCF0057BCCE /* ShellScript */ = {
			isa = PBXShellScriptBuildPhase;
			buildActionMask = 2147483647;
			files = (
			);
			inputPaths = (
			);
			outputPaths = (
			);
			runOnlyForDeploymentPostprocessing = 0;
			shellPath = /bin/sh;
			shellScript = "# Run the unit tests in this test bundle.\n\"${SYSTEM_DEVELOPER_DIR}/Tools/RunUnitTests\"\n";
		};
/* End PBXShellScriptBuildPhase section */

/* Begin PBXSourcesBuildPhase section */
		8ADB4BC016F37FCF0057BCCE /* Sources */ = {
			isa = PBXSourcesBuildPhase;
			buildActionMask = 2147483647;
			files = (
				8ADB4BD416F37FCF0057BCCE /* main.m in Sources */,
				8ADB4BD816F37FCF0057BCCE /* AppDelegate.m in Sources */,
				8A82004F16F3886400259378 /* OpenAPI.m in Sources */,
				8A82006716F394C300259378 /* MainViewController.m in Sources */,
				8AD57D9B16F720B100D5AD34 /* UOCData.m in Sources */,
				8AD57DA316F728A500D5AD34 /* iUOC.xcdatamodeld in Sources */,
			);
			runOnlyForDeploymentPostprocessing = 0;
		};
		8ADB4BDF16F37FCF0057BCCE /* Sources */ = {
			isa = PBXSourcesBuildPhase;
			buildActionMask = 2147483647;
			files = (
				8A82005316F3888C00259378 /* OpenAPITest.m in Sources */,
				8A82006A16F396A800259378 /* MainViewControllerTests.m in Sources */,
				8AD57D9D16F7216E00D5AD34 /* UOCDataTests.m in Sources */,
			);
			runOnlyForDeploymentPostprocessing = 0;
		};
/* End PBXSourcesBuildPhase section */

/* Begin PBXTargetDependency section */
		8ADB4BEA16F37FCF0057BCCE /* PBXTargetDependency */ = {
			isa = PBXTargetDependency;
			target = 8ADB4BC316F37FCF0057BCCE /* iUOC */;
			targetProxy = 8ADB4BE916F37FCF0057BCCE /* PBXContainerItemProxy */;
		};
/* End PBXTargetDependency section */

/* Begin PBXVariantGroup section */
		8ADB4BD016F37FCF0057BCCE /* InfoPlist.strings */ = {
			isa = PBXVariantGroup;
			children = (
				8ADB4BD116F37FCF0057BCCE /* en */,
			);
			name = InfoPlist.strings;
			sourceTree = "<group>";
		};
		8ADB4BEE16F37FCF0057BCCE /* InfoPlist.strings */ = {
			isa = PBXVariantGroup;
			children = (
				8ADB4BEF16F37FCF0057BCCE /* en */,
			);
			name = InfoPlist.strings;
			sourceTree = "<group>";
		};
/* End PBXVariantGroup section */

/* Begin XCBuildConfiguration section */
		8ADB4BF416F37FCF0057BCCE /* Debug */ = {
			isa = XCBuildConfiguration;
			buildSettings = {
				ALWAYS_SEARCH_USER_PATHS = NO;
				CLANG_CXX_LANGUAGE_STANDARD = "gnu++0x";
				CLANG_CXX_LIBRARY = "libc++";
				CLANG_ENABLE_OBJC_ARC = YES;
				CLANG_WARN_CONSTANT_CONVERSION = YES;
				CLANG_WARN_EMPTY_BODY = YES;
				CLANG_WARN_ENUM_CONVERSION = YES;
				CLANG_WARN_INT_CONVERSION = YES;
				CLANG_WARN__DUPLICATE_METHOD_MATCH = YES;
				"CODE_SIGN_IDENTITY[sdk=iphoneos*]" = "iPhone Developer";
				COPY_PHASE_STRIP = NO;
				GCC_C_LANGUAGE_STANDARD = gnu99;
				GCC_DYNAMIC_NO_PIC = NO;
				GCC_OPTIMIZATION_LEVEL = 0;
				GCC_PREPROCESSOR_DEFINITIONS = (
					"DEBUG=1",
					"$(inherited)",
				);
				GCC_SYMBOLS_PRIVATE_EXTERN = NO;
				GCC_WARN_ABOUT_RETURN_TYPE = YES;
				GCC_WARN_UNINITIALIZED_AUTOS = YES;
				GCC_WARN_UNUSED_VARIABLE = YES;
				IPHONEOS_DEPLOYMENT_TARGET = 6.1;
				ONLY_ACTIVE_ARCH = YES;
				SDKROOT = iphoneos;
			};
			name = Debug;
		};
		8ADB4BF516F37FCF0057BCCE /* Release */ = {
			isa = XCBuildConfiguration;
			buildSettings = {
				ALWAYS_SEARCH_USER_PATHS = NO;
				CLANG_CXX_LANGUAGE_STANDARD = "gnu++0x";
				CLANG_CXX_LIBRARY = "libc++";
				CLANG_ENABLE_OBJC_ARC = YES;
				CLANG_WARN_CONSTANT_CONVERSION = YES;
				CLANG_WARN_EMPTY_BODY = YES;
				CLANG_WARN_ENUM_CONVERSION = YES;
				CLANG_WARN_INT_CONVERSION = YES;
				CLANG_WARN__DUPLICATE_METHOD_MATCH = YES;
				"CODE_SIGN_IDENTITY[sdk=iphoneos*]" = "iPhone Developer";
				COPY_PHASE_STRIP = YES;
				GCC_C_LANGUAGE_STANDARD = gnu99;
				GCC_WARN_ABOUT_RETURN_TYPE = YES;
				GCC_WARN_UNINITIALIZED_AUTOS = YES;
				GCC_WARN_UNUSED_VARIABLE = YES;
				IPHONEOS_DEPLOYMENT_TARGET = 6.1;
				OTHER_CFLAGS = "-DNS_BLOCK_ASSERTIONS=1";
				SDKROOT = iphoneos;
				VALIDATE_PRODUCT = YES;
			};
			name = Release;
		};
		8ADB4BF716F37FCF0057BCCE /* Debug */ = {
			isa = XCBuildConfiguration;
			buildSettings = {
				GCC_PRECOMPILE_PREFIX_HEADER = YES;
				GCC_PREFIX_HEADER = "iUOC/iUOC-Prefix.pch";
				INFOPLIST_FILE = "iUOC/iUOC-Info.plist";
				IPHONEOS_DEPLOYMENT_TARGET = 6.1;
				PRODUCT_NAME = "$(TARGET_NAME)";
				TARGETED_DEVICE_FAMILY = 2;
				WRAPPER_EXTENSION = app;
			};
			name = Debug;
		};
		8ADB4BF816F37FCF0057BCCE /* Release */ = {
			isa = XCBuildConfiguration;
			buildSettings = {
				GCC_PRECOMPILE_PREFIX_HEADER = YES;
				GCC_PREFIX_HEADER = "iUOC/iUOC-Prefix.pch";
				INFOPLIST_FILE = "iUOC/iUOC-Info.plist";
				IPHONEOS_DEPLOYMENT_TARGET = 6.1;
				PRODUCT_NAME = "$(TARGET_NAME)";
				TARGETED_DEVICE_FAMILY = 2;
				WRAPPER_EXTENSION = app;
			};
			name = Release;
		};
		8ADB4BFA16F37FCF0057BCCE /* Debug */ = {
			isa = XCBuildConfiguration;
			buildSettings = {
				BUNDLE_LOADER = "$(BUILT_PRODUCTS_DIR)/iUOC.app/iUOC";
				FRAMEWORK_SEARCH_PATHS = (
					"\"$(SDKROOT)/Developer/Library/Frameworks\"",
					"\"$(DEVELOPER_LIBRARY_DIR)/Frameworks\"",
					"\"$(SRCROOT)\"",
				);
				GCC_PRECOMPILE_PREFIX_HEADER = YES;
				GCC_PREFIX_HEADER = "iUOC/iUOC-Prefix.pch";
				INFOPLIST_FILE = "iUOCTests/iUOCTests-Info.plist";
				PRODUCT_NAME = "$(TARGET_NAME)";
				TEST_HOST = "$(BUNDLE_LOADER)";
				WRAPPER_EXTENSION = octest;
			};
			name = Debug;
		};
		8ADB4BFB16F37FCF0057BCCE /* Release */ = {
			isa = XCBuildConfiguration;
			buildSettings = {
				BUNDLE_LOADER = "$(BUILT_PRODUCTS_DIR)/iUOC.app/iUOC";
				FRAMEWORK_SEARCH_PATHS = (
					"\"$(SDKROOT)/Developer/Library/Frameworks\"",
					"\"$(DEVELOPER_LIBRARY_DIR)/Frameworks\"",
					"\"$(SRCROOT)\"",
				);
				GCC_PRECOMPILE_PREFIX_HEADER = YES;
				GCC_PREFIX_HEADER = "iUOC/iUOC-Prefix.pch";
				INFOPLIST_FILE = "iUOCTests/iUOCTests-Info.plist";
				PRODUCT_NAME = "$(TARGET_NAME)";
				TEST_HOST = "$(BUNDLE_LOADER)";
				WRAPPER_EXTENSION = octest;
			};
			name = Release;
		};
/* End XCBuildConfiguration section */

/* Begin XCConfigurationList section */
		8ADB4BBF16F37FCF0057BCCE /* Build configuration list for PBXProject "iUOC" */ = {
			isa = XCConfigurationList;
			buildConfigurations = (
				8ADB4BF416F37FCF0057BCCE /* Debug */,
				8ADB4BF516F37FCF0057BCCE /* Release */,
			);
			defaultConfigurationIsVisible = 0;
			defaultConfigurationName = Release;
		};
		8ADB4BF616F37FCF0057BCCE /* Build configuration list for PBXNativeTarget "iUOC" */ = {
			isa = XCConfigurationList;
			buildConfigurations = (
				8ADB4BF716F37FCF0057BCCE /* Debug */,
				8ADB4BF816F37FCF0057BCCE /* Release */,
			);
			defaultConfigurationIsVisible = 0;
			defaultConfigurationName = Release;
		};
		8ADB4BF916F37FCF0057BCCE /* Build configuration list for PBXNativeTarget "iUOCTests" */ = {
			isa = XCConfigurationList;
			buildConfigurations = (
				8ADB4BFA16F37FCF0057BCCE /* Debug */,
				8ADB4BFB16F37FCF0057BCCE /* Release */,
			);
			defaultConfigurationIsVisible = 0;
			defaultConfigurationName = Release;
		};
/* End XCConfigurationList section */

/* Begin XCVersionGroup section */
		8AD57DA116F728A500D5AD34 /* iUOC.xcdatamodeld */ = {
			isa = XCVersionGroup;
			children = (
				8AD57DA216F728A500D5AD34 /* iUOC.xcdatamodel */,
			);
			currentVersion = 8AD57DA216F728A500D5AD34 /* iUOC.xcdatamodel */;
			path = iUOC.xcdatamodeld;
			sourceTree = "<group>";
			versionGroupType = wrapper.xcdatamodel;
		};
/* End XCVersionGroup section */
	};
	rootObject = 8ADB4BBC16F37FCF0057BCCE /* Project object */;
}
